Microsoft Visual Studio Solution File, Format Version 12.00
# Visual Studio Version 17
VisualStudioVersion = 17.5.2.0
MinimumVisualStudioVersion = 10.0.40219.1
Project("{FAE04EC0-301F-11D3-BF4B-00C04F79EFBC}") = "LMP", "LMP.csproj", "{C4E126D9-5E4E-DC64-DF99-9B415E3FCEC7}"
EndProject
Project("{2150E333-8FDC-42A3-9474-1A3956D46DE8}") = "External", "External", "{A288BEE0-695A-BEEA-455C-649571D89326}"
EndProject
Project("{FAE04EC0-301F-11D3-BF4B-00C04F79EFBC}") = "MyLiteMusicPlayer.Logging", "External\MyLiteMusicPlayer.Logging\MyLiteMusicPlayer.Logging.csproj", "{0B5C69DF-D3EA-9909-D9A6-661EBBB6E2A9}"
EndProject
Global
	GlobalSection(SolutionConfigurationPlatforms) = preSolution
		Debug|Any CPU = Debug|Any CPU
		Release|Any CPU = Release|Any CPU
	EndGlobalSection
	GlobalSection(ProjectConfigurationPlatforms) = postSolution
		{C4E126D9-5E4E-DC64-DF99-9B415E3FCEC7}.Debug|Any CPU.ActiveCfg = Debug|Any CPU
		{C4E126D9-5E4E-DC64-DF99-9B415E3FCEC7}.Debug|Any CPU.Build.0 = Debug|Any CPU
		{C4E126D9-5E4E-DC64-DF99-9B415E3FCEC7}.Release|Any CPU.ActiveCfg = Release|Any CPU
		{C4E126D9-5E4E-DC64-DF99-9B415E3FCEC7}.Release|Any CPU.Build.0 = Release|Any CPU
		{0B5C69DF-D3EA-9909-D9A6-661EBBB6E2A9}.Debug|Any CPU.ActiveCfg = Debug|Any CPU
		{0B5C69DF-D3EA-9909-D9A6-661EBBB6E2A9}.Debug|Any CPU.Build.0 = Debug|Any CPU
		{0B5C69DF-D3EA-9909-D9A6-661EBBB6E2A9}.Release|Any CPU.ActiveCfg = Release|Any CPU
		{0B5C69DF-D3EA-9909-D9A6-661EBBB6E2A9}.Release|Any CPU.Build.0 = Release|Any CPU
	EndGlobalSection
	GlobalSection(SolutionProperties) = preSolution
		HideSolutionNode = FALSE
	EndGlobalSection
	GlobalSection(NestedProjects) = preSolution
		{0B5C69DF-D3EA-9909-D9A6-661EBBB6E2A9} = {A288BEE0-695A-BEEA-455C-649571D89326}
	EndGlobalSection
	GlobalSection(ExtensibilityGlobals) = postSolution
		SolutionGuid = {9F5B6B28-889F-4331-A33B-E1DB4C146A88}
	EndGlobalSection
EndGlobal
