
Microsoft Visual Studio Solution File, Format Version 12.00
# Visual Studio Version 17
VisualStudioVersion = 17.5.2.0
MinimumVisualStudioVersion = 10.0.40219.1
Project("{FAE04EC0-301F-11D3-BF4B-00C04F79EFBC}") = "MyLiteMusicPlayer", "MyLiteMusicPlayer.csproj", "{EB988622-ED9F-DFF3-7003-7660153A8993}"
EndProject
Project("{2150E333-8FDC-42A3-9474-1A3956D46DE8}") = "External", "External", "{A288BEE0-695A-BEEA-455C-649571D89326}"
EndProject
Project("{2150E333-8FDC-42A3-9474-1A3956D46DE8}") = "YoutubeExplode", "YoutubeExplode", "{FEB29ACE-0A4F-DAD4-FCFF-7D52CCFBB638}"
EndProject
Project("{FAE04EC0-301F-11D3-BF4B-00C04F79EFBC}") = "YoutubeExplode", "External\YoutubeExplode\YoutubeExplode\YoutubeExplode.csproj", "{71DE17F9-EA63-4BA1-A29F-3AC8F731BDE7}"
EndProject
Global
	GlobalSection(SolutionConfigurationPlatforms) = preSolution
		Debug|Any CPU = Debug|Any CPU
		Debug|x64 = Debug|x64
		Debug|x86 = Debug|x86
		Release|Any CPU = Release|Any CPU
		Release|x64 = Release|x64
		Release|x86 = Release|x86
	EndGlobalSection
	GlobalSection(ProjectConfigurationPlatforms) = postSolution
		{EB988622-ED9F-DFF3-7003-7660153A8993}.Debug|Any CPU.ActiveCfg = Debug|Any CPU
		{EB988622-ED9F-DFF3-7003-7660153A8993}.Debug|Any CPU.Build.0 = Debug|Any CPU
		{EB988622-ED9F-DFF3-7003-7660153A8993}.Debug|x64.ActiveCfg = Debug|Any CPU
		{EB988622-ED9F-DFF3-7003-7660153A8993}.Debug|x64.Build.0 = Debug|Any CPU
		{EB988622-ED9F-DFF3-7003-7660153A8993}.Debug|x86.ActiveCfg = Debug|Any CPU
		{EB988622-ED9F-DFF3-7003-7660153A8993}.Debug|x86.Build.0 = Debug|Any CPU
		{EB988622-ED9F-DFF3-7003-7660153A8993}.Release|Any CPU.ActiveCfg = Release|Any CPU
		{EB988622-ED9F-DFF3-7003-7660153A8993}.Release|Any CPU.Build.0 = Release|Any CPU
		{EB988622-ED9F-DFF3-7003-7660153A8993}.Release|x64.ActiveCfg = Release|Any CPU
		{EB988622-ED9F-DFF3-7003-7660153A8993}.Release|x64.Build.0 = Release|Any CPU
		{EB988622-ED9F-DFF3-7003-7660153A8993}.Release|x86.ActiveCfg = Release|Any CPU
		{EB988622-ED9F-DFF3-7003-7660153A8993}.Release|x86.Build.0 = Release|Any CPU
		{71DE17F9-EA63-4BA1-A29F-3AC8F731BDE7}.Debug|Any CPU.ActiveCfg = Debug|Any CPU
		{71DE17F9-EA63-4BA1-A29F-3AC8F731BDE7}.Debug|Any CPU.Build.0 = Debug|Any CPU
		{71DE17F9-EA63-4BA1-A29F-3AC8F731BDE7}.Debug|x64.ActiveCfg = Debug|Any CPU
		{71DE17F9-EA63-4BA1-A29F-3AC8F731BDE7}.Debug|x64.Build.0 = Debug|Any CPU
		{71DE17F9-EA63-4BA1-A29F-3AC8F731BDE7}.Debug|x86.ActiveCfg = Debug|Any CPU
		{71DE17F9-EA63-4BA1-A29F-3AC8F731BDE7}.Debug|x86.Build.0 = Debug|Any CPU
		{71DE17F9-EA63-4BA1-A29F-3AC8F731BDE7}.Release|Any CPU.ActiveCfg = Release|Any CPU
		{71DE17F9-EA63-4BA1-A29F-3AC8F731BDE7}.Release|Any CPU.Build.0 = Release|Any CPU
		{71DE17F9-EA63-4BA1-A29F-3AC8F731BDE7}.Release|x64.ActiveCfg = Release|Any CPU
		{71DE17F9-EA63-4BA1-A29F-3AC8F731BDE7}.Release|x64.Build.0 = Release|Any CPU
		{71DE17F9-EA63-4BA1-A29F-3AC8F731BDE7}.Release|x86.ActiveCfg = Release|Any CPU
		{71DE17F9-EA63-4BA1-A29F-3AC8F731BDE7}.Release|x86.Build.0 = Release|Any CPU
	EndGlobalSection
	GlobalSection(SolutionProperties) = preSolution
		HideSolutionNode = FALSE
	EndGlobalSection
	GlobalSection(NestedProjects) = preSolution
		{FEB29ACE-0A4F-DAD4-FCFF-7D52CCFBB638} = {A288BEE0-695A-BEEA-455C-649571D89326}
		{71DE17F9-EA63-4BA1-A29F-3AC8F731BDE7} = {FEB29ACE-0A4F-DAD4-FCFF-7D52CCFBB638}
	EndGlobalSection
	GlobalSection(ExtensibilityGlobals) = postSolution
		SolutionGuid = {A6AE7CFC-16FF-4830-9296-E24330590957}
	EndGlobalSection
EndGlobal
