{
  "version": 1,
  "dependencies": {
    "net11.0": {
      "AsyncImageLoader.Avalonia": {
        "type": "Direct",
        "requested": "[3.8.0, )",
        "resolved": "3.8.0",
        "contentHash": "5cFMhM7MUD7w3rH+n5pWyVR82loEFuFqANQ/EDDRg0lRKc91PoSq/4vro/ixW/ZQ1TYnXAD6jXRoTjcce2fbUg==",
        "dependencies": {
          "Avalonia": "12.0.0"
        }
      },
      "Avalonia": {
        "type": "Direct",
        "requested": "[12.0.3, )",
        "resolved": "12.0.3",
        "contentHash": "OVAzdZB5T/QIOEpw/WmQ0ZJM13BMmLO7RqR5z+lZtBMuStK63W68SV/Q+PNn/GdFEC3Ab8eQhH2FMb8FhNLK+w==",
        "dependencies": {
          "Avalonia.BuildServices": "11.3.2",
          "Avalonia.Remote.Protocol": "12.0.3",
          "MicroCom.Runtime": "0.11.4"
        }
      },
      "Avalonia.Controls.ItemsRepeater": {
        "type": "Direct",
        "requested": "[12.0.0, )",
        "resolved": "12.0.0",
        "contentHash": "Xf54lAaLU29x50Gl6pHK3UUgGrewkH/Jb6YLSkz/bxj+h1pSutNEsw+1qZ7dcsaRipB9sNLTGzSsQCKBmTD9aQ==",
        "dependencies": {
          "Avalonia": "12.0.0"
        }
      },
      "Avalonia.Desktop": {
        "type": "Direct",
        "requested": "[12.0.3, )",
        "resolved": "12.0.3",
        "contentHash": "1WT6o5+HFQivTSBqqeyKWUQC2SbesgtlI6+ZT8JN+Rg9YarwWOw3DuPdHIYb2jkLzU+wjSkmBXRi7Nox7hfBOw==",
        "dependencies": {
          "Avalonia": "12.0.3",
          "Avalonia.HarfBuzz": "12.0.3",
          "Avalonia.Native": "12.0.3",
          "Avalonia.Skia": "12.0.3",
          "Avalonia.Win32": "12.0.3",
          "Avalonia.X11": "12.0.3"
        }
      },
      "Avalonia.Fonts.Inter": {
        "type": "Direct",
        "requested": "[12.0.3, )",
        "resolved": "12.0.3",
        "contentHash": "UWB0YZ15H0RKkkNgywtsO0aee3fcd6C0KQlG72QuDjoc7UIiwAgIrwu/LXkxCmXJcoh/xK/EWeclkwXEr7E50Q==",
        "dependencies": {
          "Avalonia": "12.0.3"
        }
      },
      "Avalonia.Themes.Fluent": {
        "type": "Direct",
        "requested": "[12.0.3, )",
        "resolved": "12.0.3",
        "contentHash": "Acj+gmRm52U8sQIVHk5sCCU65RWjYcurDtxo8zyZSYmM4Vl1z2N9ZLnbK9+wp3N56Z0z/1ddsKYXRq3XfGSP3Q==",
        "dependencies": {
          "Avalonia": "12.0.3"
        }
      },
      "AvaloniaUI.DiagnosticsSupport": {
        "type": "Direct",
        "requested": "[2.2.1, )",
        "resolved": "2.2.1",
        "contentHash": "PXviRj+8t6IT7JdnVhs1EET+VgGB/K1Ju3yL/Q9sXR2YD9NzkIYybyfJG3DPXcTYXpEJZJvxGiCTjH1N8AkLhQ==",
        "dependencies": {
          "Microsoft.IO.RecyclableMemoryStream": "3.0.1"
        }
      },
      "CommunityToolkit.Mvvm": {
        "type": "Direct",
        "requested": "[8.4.0, )",
        "resolved": "8.4.0",
        "contentHash": "tqVU8yc/ADO9oiTRyTnwhFN68hCwvkliMierptWOudIAvWY1mWCh5VFh+guwHJmpMwfg0J0rY+yyd5Oy7ty9Uw=="
      },
      "HotAvalonia": {
        "type": "Direct",
        "requested": "[3.1.0, )",
        "resolved": "3.1.0",
        "contentHash": "31ppkXIyD+PppUyZ0oqUjaP3I6fJDkl2w95EHGN22xxh/P54hNpEiwDsAT1KPKtUMJoGtxRE5EZcc04kia42Eg==",
        "dependencies": {
          "Avalonia.Markup.Xaml.Loader": "11.0.0",
          "HotAvalonia.Core": "3.1.0",
          "HotAvalonia.Extensions": "3.1.0",
          "HotAvalonia.Fody": "3.1.0"
        }
      },
      "ReactiveUI.Avalonia": {
        "type": "Direct",
        "requested": "[12.0.1, )",
        "resolved": "12.0.1",
        "contentHash": "/xk7V8FEsphMHVz992l9Q/KxRmA4iBOny8C3Swd+iUWSiVZuwsFagYzd9bLF6lC3d6Qn8DQXz2QSdVCzlb322A==",
        "dependencies": {
          "Avalonia": "12.0.1",
          "ReactiveUI": "23.2.1",
          "Splat": "19.3.1"
        }
      },
      "ReactiveUI.Fody": {
        "type": "Direct",
        "requested": "[19.5.41, )",
        "resolved": "19.5.41",
        "contentHash": "bh6OH1WsSHf/ryUVaPnI6LWl1+lrCvq4L/AoHpzPXCKxtR4p0ogPVONnkq0jYgSQ55x7YNCVkthBKeb6uUSbpg==",
        "dependencies": {
          "Fody": "6.8.0",
          "ReactiveUI": "19.5.41"
        }
      },
      "Tmds.DBus.Protocol": {
        "type": "Direct",
        "requested": "[0.92.0, )",
        "resolved": "0.92.0",
        "contentHash": "h7IMakm0PF2jxiagoysoAjrzzLQ0UBdnSXQL5kb17YW0Fvyo12Tg96A99QkzwktWRrd7H+Uw9EzjasNLUfGYlA=="
      },
      "Xaml.Behaviors.Avalonia": {
        "type": "Direct",
        "requested": "[12.0.0, )",
        "resolved": "12.0.0",
        "contentHash": "Y5/ug+aG80HXzxefe7mPfpXmC+6QZT/Mewii6lY/fpSG8Rcgmt4M5pTHPzEYJDhXxu/86A+bzwlSR/L3FJd0kg==",
        "dependencies": {
          "Avalonia": "12.0.0",
          "Xaml.Behaviors.Interactions": "12.0.0",
          "Xaml.Behaviors.Interactions.Custom": "12.0.0",
          "Xaml.Behaviors.Interactions.DragAndDrop": "12.0.0",
          "Xaml.Behaviors.Interactions.Draggable": "12.0.0",
          "Xaml.Behaviors.Interactions.Events": "12.0.0",
          "Xaml.Behaviors.Interactions.Responsive": "12.0.0",
          "Xaml.Behaviors.Interactivity": "12.0.0"
        }
      },
      "Acornima": {
        "type": "Transitive",
        "resolved": "1.6.2",
        "contentHash": "laakpDHzMwHr5C8+q5RlRf0XJJshUvghNeo4xDerICrYR3iEuGvwfpauCmXuU3RE437XDaQO5ZxieWDpADuD+w=="
      },
      "Avalonia.Angle.Windows.Natives": {
        "type": "Transitive",
        "resolved": "2.1.25547.20250602",
        "contentHash": "ZL0VLc4s9rvNNFt19Pxm5UNAkmKNylugAwJPX9ulXZ6JWs/l6XZihPWWTyezaoNOVyEPU8YbURtW7XMAtqXH5A=="
      },
      "Avalonia.BuildServices": {
        "type": "Transitive",
        "resolved": "11.3.2",
        "contentHash": "qHDToxto1e3hci5YqbG9n0Ty8mlp3zBUN5wT66wKqaDVzXyQ0do3EnRILd4Ke9jpvsktaPpgE0YjEk7hornryQ=="
      },
      "Avalonia.FreeDesktop": {
        "type": "Transitive",
        "resolved": "12.0.3",
        "contentHash": "t6qSD9slmHDlkBScuOecf5LZHGEhl57d8DQ0raXWXgm3mXkSZc2DTfkGBJajovrQdeuaISlu6sDHzYAs8Zv/iQ==",
        "dependencies": {
          "Avalonia": "12.0.3",
          "Tmds.DBus.Protocol": "0.92.0"
        }
      },
      "Avalonia.FreeDesktop.AtSpi": {
        "type": "Transitive",
        "resolved": "12.0.3",
        "contentHash": "+i58/6jM/YrjfPA3vXfHbEeLNPC2BY1lXGZ4HtZU4IHZ1XkP6xGBGEqwABuruAlSpLoyrE9LVMZ0Uqg3pYOtiQ==",
        "dependencies": {
          "Avalonia": "12.0.3"
        }
      },
      "Avalonia.HarfBuzz": {
        "type": "Transitive",
        "resolved": "12.0.3",
        "contentHash": "6R8pHRC9iDrAgT7AD/A3mE6hAPYXf66Ql5kWV046msSWF9ntYwuhNmJwlWeFwUVhb7nXThyTOIfUd3WV0GFXXA==",
        "dependencies": {
          "Avalonia": "12.0.3",
          "HarfBuzzSharp": "8.3.1.3",
          "HarfBuzzSharp.NativeAssets.Linux": "8.3.1.3",
          "HarfBuzzSharp.NativeAssets.WebAssembly": "8.3.1.3"
        }
      },
      "Avalonia.Markup.Xaml.Loader": {
        "type": "Transitive",
        "resolved": "11.0.0",
        "contentHash": "SDcf5qvleyTb0R24vzZBhFJV9ONlGz0ftOBRxXiSy7R6c513Rjnae0IImuUXSIj+Bmn8AjU6x9eDFRJO78pYVA==",
        "dependencies": {
          "Avalonia": "11.0.0"
        }
      },
      "Avalonia.Native": {
        "type": "Transitive",
        "resolved": "12.0.3",
        "contentHash": "o+36bdY62STT9SjoEIlp/lSHVrQH8uC15gMUA4JMszz4Q4r5rgVMVTsorsIAurdawJ1LaBKIzvbDHyyiRjXROg==",
        "dependencies": {
          "Avalonia": "12.0.3"
        }
      },
      "Avalonia.Remote.Protocol": {
        "type": "Transitive",
        "resolved": "12.0.3",
        "contentHash": "NHvbiGC461oB3DXt8qgLNN+QfcYARcSxY7diyic9R7u6jQA4bc+ZbjEQKX8y8WyF1vOssedRmuOeTvRXlXbF9Q=="
      },
      "Avalonia.Skia": {
        "type": "Transitive",
        "resolved": "12.0.3",
        "contentHash": "Q0PYiN/B5dZumh89RcDOgbsceh7aUvTGVCKjiq+kcBmVZcvcygHpSRsDJKKUfFHBQLJLtQp7ErLRQUkN4LuIRA==",
        "dependencies": {
          "Avalonia": "12.0.3",
          "HarfBuzzSharp": "8.3.1.3",
          "HarfBuzzSharp.NativeAssets.Linux": "8.3.1.3",
          "HarfBuzzSharp.NativeAssets.WebAssembly": "8.3.1.3",
          "SkiaSharp": "3.119.4-preview.1.1",
          "SkiaSharp.NativeAssets.Linux": "3.119.4-preview.1.1",
          "SkiaSharp.NativeAssets.WebAssembly": "3.119.4-preview.1.1"
        }
      },
      "Avalonia.Win32": {
        "type": "Transitive",
        "resolved": "12.0.3",
        "contentHash": "shPBe7puXXjEWr9gq4DKZZBpfv2tGxdghK1nsRnVC7J3tx3Hm2/+Ik7vYoIYSdUv7MkAZZ4ham9Inqn8CcODBw==",
        "dependencies": {
          "Avalonia": "12.0.3",
          "Avalonia.Angle.Windows.Natives": "2.1.25547.20250602"
        }
      },
      "Avalonia.X11": {
        "type": "Transitive",
        "resolved": "12.0.3",
        "contentHash": "rQ0gbEcKcWXN2Pc0PS5gtLUEsi/yW1JvEbxGWi9D6ip/hdmczLtEG1n3Irtn7MJFjLJq5N6cLM2Prh4Euxwg9Q==",
        "dependencies": {
          "Avalonia": "12.0.3",
          "Avalonia.FreeDesktop": "12.0.3",
          "Avalonia.FreeDesktop.AtSpi": "12.0.3",
          "Avalonia.Skia": "12.0.3"
        }
      },
      "Concentus": {
        "type": "Transitive",
        "resolved": "2.2.2",
        "contentHash": "2B9YmHPKO+k7YpAAnqmiXwiMJnfjfj1C868RszOll2iZWLnGTAiC1q21L/d7CvTan7T+hyqU8dR0Dcy3cpjVfQ=="
      },
      "DynamicData": {
        "type": "Transitive",
        "resolved": "9.4.31",
        "contentHash": "w2bT92Z5ADtnmtKiC9mzk21h7MtXtZEQKWFyytuHqhPBo7rKPWnvFk/xy1M/VA6XQTbCjRWMNV795w+RizFn4g==",
        "dependencies": {
          "System.Reactive": "6.1.0"
        }
      },
      "Fody": {
        "type": "Transitive",
        "resolved": "6.9.2",
        "contentHash": "YBHobPGogb0vYhGYIxn/ndWqTjNWZveDi5jdjrcshL2vjwU3gQGyDeI7vGgye+2rAM5fGRvlLgNWLW3DpviS/w=="
      },
      "HarfBuzzSharp": {
        "type": "Transitive",
        "resolved": "8.3.1.3",
        "contentHash": "NGZ2+ZVNPM+NdHB/asW0/ykWngyHWwcqjrbN2nDeH1B/aptPGlCUl8wkQ2cSJxw5fdWgdmIPmNuTPWpLwNVXWg==",
        "dependencies": {
          "HarfBuzzSharp.NativeAssets.Win32": "8.3.1.3",
          "HarfBuzzSharp.NativeAssets.macOS": "8.3.1.3"
        }
      },
      "HarfBuzzSharp.NativeAssets.Linux": {
        "type": "Transitive",
        "resolved": "8.3.1.3",
        "contentHash": "RI6A1LgmooU30+4QIyFt5rmBCzP0VzTR+587IJSGvYIsHHWlahFufihYxtraLfsIhW7I8dn6+xX+DZGygOPKWQ=="
      },
      "HarfBuzzSharp.NativeAssets.macOS": {
        "type": "Transitive",
        "resolved": "8.3.1.3",
        "contentHash": "KPTq0xnslkI6nAo0jh3ptcQPJvZZr7MWYXa2jUe4SnHc9q+JlHElmNXp0sfFoiTgoCX7WOYpYsurypuH9Gehxw=="
      },
      "HarfBuzzSharp.NativeAssets.WebAssembly": {
        "type": "Transitive",
        "resolved": "8.3.1.3",
        "contentHash": "w2QfdNm9Uz/sUa0B5D+OnVQhyq3G/fBq6ibQMdWBlQqqwh0g0/5j3RFvYqZAmRZ5+RzvjVe8o8SFFnWYUSkuxA=="
      },
      "HarfBuzzSharp.NativeAssets.Win32": {
        "type": "Transitive",
        "resolved": "8.3.1.3",
        "contentHash": "bx8CE8Js+XGX8PUxAHCBDEORt5aaBYtMN4Hr9QFs57Xithh6yjUyYqksizH6eRDhJkwsGI+SXWmPmMm8lZC9Pw=="
      },
      "HotAvalonia.Core": {
        "type": "Transitive",
        "resolved": "3.1.0",
        "contentHash": "E4Q+Wm7kp5XyEWRLshRcoxgHShyMO3J8QcdoyDZfXMukuR+9FqXnEFrcStn2igDo/TIo/6wVOMNbv8Cu4FI5hg=="
      },
      "HotAvalonia.Extensions": {
        "type": "Transitive",
        "resolved": "3.1.0",
        "contentHash": "RhDF4CFDHZi5GKBFJLw2mLwh0TieKO/JlJa8yohnK0dhh5B8gEr3b512zlDUXpQKZIVvTPRwNm4CwgczlxH37A=="
      },
      "HotAvalonia.Fody": {
        "type": "Transitive",
        "resolved": "3.1.0",
        "contentHash": "xmbLwsK+SQOZcFFGeXcjkWBddVZ1Cql4oOJkO7/mcDiCO/kjY7UeP0+hsnXICfiBfiFGNh1XYiwbAZiONWL5kw==",
        "dependencies": {
          "Fody": "6.9.2"
        }
      },
      "MicroCom.Runtime": {
        "type": "Transitive",
        "resolved": "0.11.4",
        "contentHash": "yZ8+Lgwo+KtRI29TB2mIOEMzV+csMJ+pKZg4YHReAP3vRewWLKKeYfrBDo5FS69rWnEbCfU3sbM+ZEQr+GDLtg=="
      },
      "Microsoft.Data.Sqlite.Core": {
        "type": "Transitive",
        "resolved": "10.0.2",
        "contentHash": "/8ubtRdyED4qyxmL1CAu3UZZUEgc9l0dPCItW5tlOkYlKOb3QNhjGuEeb7uTKAqm8L7kwFOx1fCsndiylrzZAg==",
        "dependencies": {
          "SQLitePCLRaw.core": "2.1.11"
        }
      },
      "Microsoft.EntityFrameworkCore": {
        "type": "Transitive",
        "resolved": "10.0.2",
        "contentHash": "d3+XKbLSHPCu3vwpXECoXcFbvGKmAhEeUmc1xy2czmuPnEF7rZN2HP5ZGMwCMbAKk4B01+nS4HixSMo2Vf/Y9g==",
        "dependencies": {
          "Microsoft.EntityFrameworkCore.Abstractions": "10.0.2",
          "Microsoft.EntityFrameworkCore.Analyzers": "10.0.2",
          "Microsoft.Extensions.Caching.Memory": "10.0.2",
          "Microsoft.Extensions.Logging": "10.0.2"
        }
      },
      "Microsoft.EntityFrameworkCore.Abstractions": {
        "type": "Transitive",
        "resolved": "10.0.2",
        "contentHash": "BzAwIU5mYeOmnKbEXrkwx7feW2V+zUTrK/kRonSib94tjvc0/iRj2a4N6YGXRhTNjaFP3tvCMIDaX1vIFF6dkg=="
      },
      "Microsoft.EntityFrameworkCore.Analyzers": {
        "type": "Transitive",
        "resolved": "10.0.2",
        "contentHash": "5C8aKN2HFhXfLhkrVvQ6yH990nw35pS7HNnwdBc628zIREaKJ4/rkdCXzxOdZo/SnCT3Kg7a/CqnhlzuJhlD4Q=="
      },
      "Microsoft.EntityFrameworkCore.Relational": {
        "type": "Transitive",
        "resolved": "10.0.2",
        "contentHash": "1fUeyNmqDNfMogJ2ut7OKO57/WGjjkHMYeX51SpA3PwP7ftbx8g/Z3fbErD+1q14DILrqJfsszYsYhGssBRfDg==",
        "dependencies": {
          "Microsoft.EntityFrameworkCore": "10.0.2",
          "Microsoft.Extensions.Caching.Memory": "10.0.2",
          "Microsoft.Extensions.Logging": "10.0.2"
        }
      },
      "Microsoft.EntityFrameworkCore.Sqlite": {
        "type": "Transitive",
        "resolved": "10.0.2",
        "contentHash": "xprEItydc2HDhThghBsuq/2t9UoEhJvzKWE2Mx1+hlJdCZBUoZWmbuua9pZy9vTE+aVVssX261cx5F6nUpKzoA==",
        "dependencies": {
          "Microsoft.EntityFrameworkCore.Sqlite.Core": "10.0.2",
          "Microsoft.Extensions.Caching.Memory": "10.0.2",
          "Microsoft.Extensions.DependencyModel": "10.0.2",
          "Microsoft.Extensions.Logging": "10.0.2",
          "SQLitePCLRaw.bundle_e_sqlite3": "2.1.11",
          "SQLitePCLRaw.core": "2.1.11"
        }
      },
      "Microsoft.EntityFrameworkCore.Sqlite.Core": {
        "type": "Transitive",
        "resolved": "10.0.2",
        "contentHash": "IAaYGhV7lKXbG7c5G9mMlc1buAiUXME0RbLPrAFdlmtRuCnUaKbjcupJAQJPz2q2VEjwzm1Mx2WprizFVls0QQ==",
        "dependencies": {
          "Microsoft.Data.Sqlite.Core": "10.0.2",
          "Microsoft.EntityFrameworkCore.Relational": "10.0.2",
          "Microsoft.Extensions.Caching.Memory": "10.0.2",
          "Microsoft.Extensions.DependencyModel": "10.0.2",
          "Microsoft.Extensions.Logging": "10.0.2",
          "SQLitePCLRaw.core": "2.1.11"
        }
      },
      "Microsoft.Extensions.Caching.Memory": {
        "type": "Transitive",
        "resolved": "10.0.2",
        "contentHash": "MkdPYdtsu0Ta4m9Di4XnWVdO9u+wi1LtvisoR1EteIxsXWO/+3iyAPH6RZbw2lBlWZu9lastbl2YsHVIaL9j+g=="
      },
      "Microsoft.Extensions.DependencyInjection": {
        "type": "Transitive",
        "resolved": "10.0.2",
        "contentHash": "J/Zmp6fY93JbaiZ11ckWvcyxMPjD6XVwIHQXBjryTBgn7O6O20HYg9uVLFcZlNfgH78MnreE/7EH+hjfzn7VyA=="
      },
      "Microsoft.Extensions.DependencyModel": {
        "type": "Transitive",
        "resolved": "10.0.2",
        "contentHash": "DHXzj/FKmUDmhzw7AHbMXbNNcgO8Cb9PDbYOUDICjFAdIALy2WbC6pm+dFKiAUNtcYMucZu2iMVw1ef/sdcZFw=="
      },
      "Microsoft.Extensions.Logging": {
        "type": "Transitive",
        "resolved": "10.0.2",
        "contentHash": "a0EWuBs6D3d7XMGroDXm+WsAi5CVVfjOJvyxurzWnuhBN9CO+1qHKcrKV1JK7H/T4ZtHIoVCOX/YyWM8K87qtw==",
        "dependencies": {
          "Microsoft.Extensions.DependencyInjection": "10.0.2"
        }
      },
      "Microsoft.IO.RecyclableMemoryStream": {
        "type": "Transitive",
        "resolved": "3.0.1",
        "contentHash": "s/s20YTVY9r9TPfTrN5g8zPF1YhwxyqO6PxUkrYTGI2B+OGPe9AdajWZrLhFqXIvqIW23fnUE4+ztrUWNU1+9g=="
      },
      "NAudio": {
        "type": "Transitive",
        "resolved": "2.3.0",
        "contentHash": "xN+Lzlu9DmXqBiL6XkP0VZmgTxZPdSGjVSWtKG9HKuar3LhIYNOIYQETieigS+QDS+nrs1QmHbBWWOru0nWA5A==",
        "dependencies": {
          "NAudio.Asio": "2.3.0",
          "NAudio.Core": "2.3.0",
          "NAudio.Midi": "2.3.0",
          "NAudio.Wasapi": "2.3.0",
          "NAudio.WinMM": "2.3.0"
        }
      },
      "NAudio.Asio": {
        "type": "Transitive",
        "resolved": "2.3.0",
        "contentHash": "I+rAAPT8vmSEw4d4ie+AoSkrvNK6ylRrXznnjQKS+qZgTA9Jnt1Pxe0EaU8nXxOOq5h8ucBSWccBEw6I/J0nkQ==",
        "dependencies": {
          "NAudio.Core": "2.3.0"
        }
      },
      "NAudio.Core": {
        "type": "Transitive",
        "resolved": "2.3.0",
        "contentHash": "jMd7r6dB6tAtXhOYL58ntPqwERNm1/Rhw5MKOIYvsnXzuX+PTGsa2VMam6n0npZYSwlSidKa4GAm4bFcXFUlcg=="
      },
      "NAudio.Midi": {
        "type": "Transitive",
        "resolved": "2.3.0",
        "contentHash": "t8wvPFPHHQOHhoNMCaDE8OiYZoJuxmY4H6UPBtmnf+xx7oQuajFCqlG4Q00ID+tiEyj471WeVb4Nkylr4tDoow==",
        "dependencies": {
          "NAudio.Core": "2.3.0"
        }
      },
      "NAudio.Wasapi": {
        "type": "Transitive",
        "resolved": "2.3.0",
        "contentHash": "y5K2BxrLnvohgu5znzg5wRsai3YcuNXfrpo68i7PmCQqpK5MC/R24e5aO3OyN/XhfRr12e0QYV0OnUWEHi5SzA==",
        "dependencies": {
          "NAudio.Core": "2.3.0"
        }
      },
      "NAudio.WinMM": {
        "type": "Transitive",
        "resolved": "2.3.0",
        "contentHash": "5G1dRjsZm50T3luyuqcmI2BSvj3K4ZJaD/x776/0Epj88qOsOryDZG40+MufwIk1UFJSFWhRobBqtJYFc8Ss4g==",
        "dependencies": {
          "NAudio.Core": "2.3.0"
        }
      },
      "ReactiveUI": {
        "type": "Transitive",
        "resolved": "23.2.1",
        "contentHash": "gSvc1Qe85eNroHpzmOlYar8x768QcbZ2YliXZ6D5QsKrsvhvRTnCM40aKlFeuqny4ldXoGCeo3+QP0HW2R7XKA==",
        "dependencies": {
          "DynamicData": "9.4.31",
          "Splat": "19.3.1",
          "System.Reactive": "6.1.0"
        }
      },
      "SkiaSharp": {
        "type": "Transitive",
        "resolved": "3.119.4",
        "contentHash": "53NOSUZ1Us+91Sm0uCkIivh/k7jOowRErZT2sIWwPFN9mLUvdxnE6rS4sWo4255+Rd2MWUSF+j0NMZHD6Cke+Q==",
        "dependencies": {
          "SkiaSharp.NativeAssets.Win32": "3.119.4",
          "SkiaSharp.NativeAssets.macOS": "3.119.4"
        }
      },
      "SkiaSharp.NativeAssets.Linux": {
        "type": "Transitive",
        "resolved": "3.119.4-preview.1.1",
        "contentHash": "rZEnNkds7UWOWCCsi//v3VQ7MWbhqn83J1mCzl9069N1Zza7SXufVvsvpI4qJYUHaRx8ZhAaL0yi3zlKoXaUJw=="
      },
      "SkiaSharp.NativeAssets.macOS": {
        "type": "Transitive",
        "resolved": "3.119.4",
        "contentHash": "fgBOWEqbY012x7gMfJU4ezgz6dfhJb30Z6YdW35h85Zoe39+a8YNbAAwL29ihPfWoppg5AjvyKNzD1oCvlqWwA=="
      },
      "SkiaSharp.NativeAssets.WebAssembly": {
        "type": "Transitive",
        "resolved": "3.119.4-preview.1.1",
        "contentHash": "IyNI0QRJGl5sT0Dz2rGHBYVmenNoXcOCaC21avrLG5LwkX8ou0PluW2Hgz7NxHxiRL9D0kPmtoYWrr3uxd1NgA=="
      },
      "SkiaSharp.NativeAssets.Win32": {
        "type": "Transitive",
        "resolved": "3.119.4",
        "contentHash": "XOpbx/4CReO2wYsq2s6rbvdauc6dntG4Zv499sHGTJ87bwZaFXszFkwql3+FIZMc8kUPeaj3Mx2ezIJmo8a1Kg=="
      },
      "Splat": {
        "type": "Transitive",
        "resolved": "19.3.1",
        "contentHash": "at6uM1+KfkjyjfYRIiiUjTBUTEwxBysoLOE4zuxGCy6kqNAG9mpSGliTkZtsPe8WqJuU6+Jup7oOoNdjz5R8FQ==",
        "dependencies": {
          "Splat.Builder": "19.3.1",
          "Splat.Logging": "19.3.1",
          "System.Reactive": "6.1.0"
        }
      },
      "Splat.Builder": {
        "type": "Transitive",
        "resolved": "19.3.1",
        "contentHash": "FR9ISOBiEV/wXTq0oU+VrGZmsWVEE/yWkI79oeXF7luvr9P6GKRzZD+acjl+5T8oAJdXPWnBhFTJ/XDpAEW35Q==",
        "dependencies": {
          "Splat.Core": "19.3.1",
          "System.Reactive": "6.1.0"
        }
      },
      "Splat.Core": {
        "type": "Transitive",
        "resolved": "19.3.1",
        "contentHash": "MrRbpO/wdWtAfH5c2Nys8Bm7EQ5yi+IAJD3AJsCUMyaRssImIhqmbC7QwfXRnpC2EXOdGENRi0NCTf6y5ODWxQ==",
        "dependencies": {
          "System.Reactive": "6.1.0"
        }
      },
      "Splat.Logging": {
        "type": "Transitive",
        "resolved": "19.3.1",
        "contentHash": "u4MCO7dFKCX9+dnxNhbAWB9GmtY70fvVGexqr3YoesevExijpYoMiPpsCSYk36bJyKpq9XVgyJBxdg4ChrPS3A==",
        "dependencies": {
          "Splat.Core": "19.3.1",
          "System.Reactive": "6.1.0"
        }
      },
      "SQLitePCLRaw.bundle_e_sqlite3": {
        "type": "Transitive",
        "resolved": "2.1.11",
        "contentHash": "DC4nA7yWnf4UZdgJDF+9Mus4/cb0Y3Sfgi3gDnAoKNAIBwzkskNAbNbyu+u4atT0ruVlZNJfwZmwiEwE5oz9LQ==",
        "dependencies": {
          "SQLitePCLRaw.lib.e_sqlite3": "2.1.11",
          "SQLitePCLRaw.provider.e_sqlite3": "2.1.11"
        }
      },
      "SQLitePCLRaw.core": {
        "type": "Transitive",
        "resolved": "2.1.11",
        "contentHash": "PK0GLFkfhZzLQeR3PJf71FmhtHox+U3vcY6ZtswoMjrefkB9k6ErNJEnwXqc5KgXDSjige2XXrezqS39gkpQKA=="
      },
      "SQLitePCLRaw.lib.e_sqlite3": {
        "type": "Transitive",
        "resolved": "2.1.11",
        "contentHash": "Ev2ytaXiOlWZ4b3R67GZBsemTINslLD1DCJr2xiacpn4tbapu0Q4dHEzSvZSMnVWeE5nlObU3VZN2p81q3XOYQ=="
      },
      "SQLitePCLRaw.provider.e_sqlite3": {
        "type": "Transitive",
        "resolved": "2.1.11",
        "contentHash": "Y/0ZkR+r0Cg3DQFuCl1RBnv/tmxpIZRU3HUvelPw6MVaKHwYYR8YNvgs0vuNuXCMvlyJ+Fh88U1D4tah1tt6qw==",
        "dependencies": {
          "SQLitePCLRaw.core": "2.1.11"
        }
      },
      "System.Reactive": {
        "type": "Transitive",
        "resolved": "6.1.0",
        "contentHash": "M5cCC1ZMkZr9jbSQGTHnVkb5TDN67qWCV7AP8TAHdGkvDlu0puT5NzemESNn9+HkYIDpWpocP68/i+/ame2/2w=="
      },
      "Xaml.Behaviors.Interactions": {
        "type": "Transitive",
        "resolved": "12.0.0",
        "contentHash": "FiI01YC8AJq6FsLne1sOCzNoDNdeJzxcXz/EnS20kbq2y6Siu5XfQWtW5PDEEUXOqTndh3NNc4YtvuB778LGqw==",
        "dependencies": {
          "Avalonia": "12.0.0",
          "Xaml.Behaviors.Interactivity": "12.0.0"
        }
      },
      "Xaml.Behaviors.Interactions.Custom": {
        "type": "Transitive",
        "resolved": "12.0.0",
        "contentHash": "4qOPbg1sjMegB5a5b65HA/hK5tr9RYsyzT3uabZEcEMNbws3E25Fdupo1HuZUOswi3jZVMZTRME553+RgUlB6w==",
        "dependencies": {
          "Avalonia": "12.0.0",
          "Xaml.Behaviors.Interactivity": "12.0.0"
        }
      },
      "Xaml.Behaviors.Interactions.DragAndDrop": {
        "type": "Transitive",
        "resolved": "12.0.0",
        "contentHash": "eDROUl4qzS9y/mEQRbmmm8+8sQ8d0L+3CMEGVOI2nxMenJ9RGq6SYqIckgjqwSX3dQdAaefPcYGt6usUZ4HbyQ==",
        "dependencies": {
          "Avalonia": "12.0.0",
          "Xaml.Behaviors.Interactivity": "12.0.0"
        }
      },
      "Xaml.Behaviors.Interactions.Draggable": {
        "type": "Transitive",
        "resolved": "12.0.0",
        "contentHash": "NKe0+Etg8YKG6uOMfqb8wcBr9fEPxswd4IFTNnVVvFxTRmydkblyLPo7S0s0BOgPTw1NWFJFsiBwhxudpMfytA==",
        "dependencies": {
          "Avalonia": "12.0.0",
          "Xaml.Behaviors.Interactivity": "12.0.0"
        }
      },
      "Xaml.Behaviors.Interactions.Events": {
        "type": "Transitive",
        "resolved": "12.0.0",
        "contentHash": "f/W/wfqdUWcfbUlD+0ot6kEe0HknSD+RkNXT2Ol2ISjXH9kf9MzK74br0hCUY74AJhWBgbzcipEtG/074dw37Q==",
        "dependencies": {
          "Avalonia": "12.0.0",
          "Xaml.Behaviors.Interactivity": "12.0.0"
        }
      },
      "Xaml.Behaviors.Interactions.Responsive": {
        "type": "Transitive",
        "resolved": "12.0.0",
        "contentHash": "/b+PeWQWJe9BPmrdwzZOjsFtTaRcogRf2a/12+//l5/ggtSQXy6UQcNeb+8eK61l8Bw5R7MclkX5QiN9wg8Bbw==",
        "dependencies": {
          "Avalonia": "12.0.0",
          "Xaml.Behaviors.Interactivity": "12.0.0"
        }
      },
      "Xaml.Behaviors.Interactivity": {
        "type": "Transitive",
        "resolved": "12.0.0",
        "contentHash": "cGySeZHbrndOIdR52tfeY/Rq9riN9j1OaeH1r1b6O1TgbfyHGEsR2ixKKjlbffyCZO//hAEpZWo+D5XJjjsQTw==",
        "dependencies": {
          "Avalonia": "12.0.0"
        }
      },
      "lmp.core": {
        "type": "Project",
        "dependencies": {
          "Acornima": "[1.6.2, )",
          "AsyncImageLoader.Avalonia": "[3.8.0, )",
          "Avalonia": "[12.0.3, )",
          "CommunityToolkit.Mvvm": "[8.4.0, )",
          "Concentus": "[2.2.2, )",
          "LMP.Decoders.AAC": "[0.0.267, )",
          "Microsoft.EntityFrameworkCore": "[10.0.2, )",
          "Microsoft.EntityFrameworkCore.Sqlite": "[10.0.2, )",
          "Microsoft.Extensions.DependencyInjection": "[10.0.2, )",
          "NAudio": "[2.3.0, )",
          "ReactiveUI": "[23.1.8, )",
          "ReactiveUI.Fody": "[19.5.41, )",
          "SkiaSharp": "[3.119.4, )"
        }
      },
      "LMP.Decoders.AAC": {
        "type": "Project"
      }
    }
  }
}